
Microsoft Visual Studio Solution File, Format Version 12.00
# Visual Studio Version 17
VisualStudioVersion = 17.4.33205.214
MinimumVisualStudioVersion = 10.0.40219.1
Project("{FAE04EC0-301F-11D3-BF4B-00C04F79EFBC}") = "RaGsys", "RaGsys\RaGsys.csproj", "{8CB67BDF-CDF7-4CBF-8888-966160285C8C}"
EndProject
Project("{FAE04EC0-301F-11D3-BF4B-00C04F79EFBC}") = "RaGlib", "RaGlib\RaGlib.csproj", "{8E02F40B-0F0C-40DC-B358-0C86CCFF629B}"
EndProject
Global
	GlobalSection(SolutionConfigurationPlatforms) = preSolution
		Debug|Any CPU = Debug|Any CPU
		Release|Any CPU = Release|Any CPU
	EndGlobalSection
	GlobalSection(ProjectConfigurationPlatforms) = postSolution
		{8CB67BDF-CDF7-4CBF-8888-966160285C8C}.Debug|Any CPU.ActiveCfg = Debug|Any CPU
		{8CB67BDF-CDF7-4CBF-8888-966160285C8C}.Debug|Any CPU.Build.0 = Debug|Any CPU
		{8CB67BDF-CDF7-4CBF-8888-966160285C8C}.Release|Any CPU.ActiveCfg = Release|Any CPU
		{8CB67BDF-CDF7-4CBF-8888-966160285C8C}.Release|Any CPU.Build.0 = Release|Any CPU
		{8E02F40B-0F0C-40DC-B358-0C86CCFF629B}.Debug|Any CPU.ActiveCfg = Debug|Any CPU
		{8E02F40B-0F0C-40DC-B358-0C86CCFF629B}.Debug|Any CPU.Build.0 = Debug|Any CPU
		{8E02F40B-0F0C-40DC-B358-0C86CCFF629B}.Release|Any CPU.ActiveCfg = Release|Any CPU
		{8E02F40B-0F0C-40DC-B358-0C86CCFF629B}.Release|Any CPU.Build.0 = Release|Any CPU
	EndGlobalSection
	GlobalSection(SolutionProperties) = preSolution
		HideSolutionNode = FALSE
	EndGlobalSection
	GlobalSection(ExtensibilityGlobals) = postSolution
		SolutionGuid = {D16AEC7A-5C42-4FC7-8229-281085F45C4A}
	EndGlobalSection
EndGlobal
